// !$*UTF8*$!
{
	archiveVersion = 1;
	classes = {
	};
	objectVersion = 50;
	objects = {

/* Begin PBXBuildFile section */
		0475738F20BEB8310002BFC2 /* TableauController.swift in Sources */ = {isa = PBXBuildFile; fileRef = 0475738E20BEB8310002BFC2 /* TableauController.swift */; };
		0475739220BEDE860002BFC2 /* Chanson.swift in Sources */ = {isa = PBXBuildFile; fileRef = 0475739120BEDE860002BFC2 /* Chanson.swift */; };
		047CA54420BD5155007FFEBB /* AppDelegate.swift in Sources */ = {isa = PBXBuildFile; fileRef = 047CA54320BD5155007FFEBB /* AppDelegate.swift */; };
		047CA54920BD5155007FFEBB /* Main.storyboard in Resources */ = {isa = PBXBuildFile; fileRef = 047CA54720BD5155007FFEBB /* Main.storyboard */; };
		047CA54B20BD5156007FFEBB /* Assets.xcassets in Resources */ = {isa = PBXBuildFile; fileRef = 047CA54A20BD5156007FFEBB /* Assets.xcassets */; };
		047CA54E20BD5156007FFEBB /* LaunchScreen.storyboard in Resources */ = {isa = PBXBuildFile; fileRef = 047CA54C20BD5156007FFEBB /* LaunchScreen.storyboard */; };
/* End PBXBuildFile section */

/* Begin PBXFileReference section */
		0475738E20BEB8310002BFC2 /* TableauController.swift */ = {isa = PBXFileReference; lastKnownFileType = sourcecode.swift; path = TableauController.swift; sourceTree = "<group>"; };
		0475739120BEDE860002BFC2 /* Chanson.swift */ = {isa = PBXFileReference; lastKnownFileType = sourcecode.swift; path = Chanson.swift; sourceTree = "<group>"; };
		047CA54020BD5155007FFEBB /* Lecteur youtub.app */ = {isa = PBXFileReference; explicitFileType = wrapper.application; includeInIndex = 0; path = "Lecteur youtub.app"; sourceTree = BUILT_PRODUCTS_DIR; };
		047CA54320BD5155007FFEBB /* AppDelegate.swift */ = {isa = PBXFileReference; lastKnownFileType = sourcecode.swift; path = AppDelegate.swift; sourceTree = "<group>"; };
		047CA54820BD5155007FFEBB /* Base */ = {isa = PBXFileReference; lastKnownFileType = file.storyboard; name = Base; path = Base.lproj/Main.storyboard; sourceTree = "<group>"; };
		047CA54A20BD5156007FFEBB /* Assets.xcassets */ = {isa = PBXFileReference; lastKnownFileType = folder.assetcatalog; path = Assets.xcassets; sourceTree = "<group>"; };
		047CA54D20BD5156007FFEBB /* Base */ = {isa = PBXFileReference; lastKnownFileType = file.storyboard; name = Base; path = Base.lproj/LaunchScreen.storyboard; sourceTree = "<group>"; };
		047CA54F20BD5156007FFEBB /* Info.plist */ = {isa = PBXFileReference; lastKnownFileType = text.plist.xml; path = Info.plist; sourceTree = "<group>"; };
/* End PBXFileReference section */

/* Begin PBXFrameworksBuildPhase section */
		047CA53D20BD5155007FFEBB /* Frameworks */ = {
			isa = PBXFrameworksBuildPhase;
			buildActionMask = 2147483647;
			files = (
			);
			runOnlyForDeploymentPostprocessing = 0;
		};
/* End PBXFrameworksBuildPhase section */

/* Begin PBXGroup section */
		0475738D20BEB7F30002BFC2 /* Contoller */ = {
			isa = PBXGroup;
			children = (
				0475738E20BEB8310002BFC2 /* TableauController.swift */,
			);
			path = Contoller;
			sourceTree = "<group>";
		};
		0475739020BEDE650002BFC2 /* Model */ = {
			isa = PBXGroup;
			children = (
				0475739120BEDE860002BFC2 /* Chanson.swift */,
			);
			path = Model;
			sourceTree = "<group>";
		};
		047CA53720BD5155007FFEBB = {
			isa = PBXGroup;
			children = (
				047CA54220BD5155007FFEBB /* Lecteur youtub */,
				047CA54120BD5155007FFEBB /* Products */,
			);
			sourceTree = "<group>";
		};
		047CA54120BD5155007FFEBB /* Products */ = {
			isa = PBXGroup;
			children = (
				047CA54020BD5155007FFEBB /* Lecteur youtub.app */,
			);
			name = Products;
			sourceTree = "<group>";
		};
		047CA54220BD5155007FFEBB /* Lecteur youtub */ = {
			isa = PBXGroup;
			children = (
				0475739020BEDE650002BFC2 /* Model */,
				0475738D20BEB7F30002BFC2 /* Contoller */,
				047CA54320BD5155007FFEBB /* AppDelegate.swift */,
				047CA54720BD5155007FFEBB /* Main.storyboard */,
				047CA54A20BD5156007FFEBB /* Assets.xcassets */,
				047CA54C20BD5156007FFEBB /* LaunchScreen.storyboard */,
				047CA54F20BD5156007FFEBB /* Info.plist */,
			);
			path = "Lecteur youtub";
			sourceTree = "<group>";
		};
/* End PBXGroup section */

/* Begin PBXNativeTarget section */
		047CA53F20BD5155007FFEBB /* Lecteur youtub */ = {
			isa = PBXNativeTarget;
			buildConfigurationList = 047CA55220BD5156007FFEBB /* Build configuration list for PBXNativeTarget "Lecteur youtub" */;
			buildPhases = (
				047CA53C20BD5155007FFEBB /* Sources */,
				047CA53D20BD5155007FFEBB /* Frameworks */,
				047CA53E20BD5155007FFEBB /* Resources */,
			);
			buildRules = (
			);
			dependencies = (
			);
			name = "Lecteur youtub";
			productName = "Lecteur youtub";
			productReference = 047CA54020BD5155007FFEBB /* Lecteur youtub.app */;
			productType = "com.apple.product-type.application";
		};
/* End PBXNativeTarget section */

/* Begin PBXProject section */
		047CA53820BD5155007FFEBB /* Project object */ = {
			isa = PBXProject;
			attributes = {
				LastSwiftUpdateCheck = 0930;
				LastUpgradeCheck = 0930;
				ORGANIZATIONNAME = mac;
				TargetAttributes = {
					047CA53F20BD5155007FFEBB = {
						CreatedOnToolsVersion = 9.3.1;
					};
				};
			};
			buildConfigurationList = 047CA53B20BD5155007FFEBB /* Build configuration list for PBXProject "Lecteur youtub" */;
			compatibilityVersion = "Xcode 9.3";
			developmentRegion = en;
			hasScannedForEncodings = 0;
			knownRegions = (
				en,
				Base,
			);
			mainGroup = 047CA53720BD5155007FFEBB;
			productRefGroup = 047CA54120BD5155007FFEBB /* Products */;
			projectDirPath = "";
			projectRoot = "";
			targets = (
				047CA53F20BD5155007FFEBB /* Lecteur youtub */,
			);
		};
/* End PBXProject section */

/* Begin PBXResourcesBuildPhase section */
		047CA53E20BD5155007FFEBB /* Resources */ = {
			isa = PBXResourcesBuildPhase;
			buildActionMask = 2147483647;
			files = (
				047CA54E20BD5156007FFEBB /* LaunchScreen.storyboard in Resources */,
				047CA54B20BD5156007FFEBB /* Assets.xcassets in Resources */,
				047CA54920BD5155007FFEBB /* Main.storyboard in Resources */,
			);
			runOnlyForDeploymentPostprocessing = 0;
		};
/* End PBXResourcesBuildPhase section */

/* Begin PBXSourcesBuildPhase section */
		047CA53C20BD5155007FFEBB /* Sources */ = {
			isa = PBXSourcesBuildPhase;
			buildActionMask = 2147483647;
			files = (
				0475738F20BEB8310002BFC2 /* TableauController.swift in Sources */,
				047CA54420BD5155007FFEBB /* AppDelegate.swift in Sources */,
				0475739220BEDE860002BFC2 /* Chanson.swift in Sources */,
			);
			runOnlyForDeploymentPostprocessing = 0;
		};
/* End PBXSourcesBuildPhase section */

/* Begin PBXVariantGroup section */
		047CA54720BD5155007FFEBB /* Main.storyboard */ = {
			isa = PBXVariantGroup;
			children = (
				047CA54820BD5155007FFEBB /* Base */,
			);
			name = Main.storyboard;
			sourceTree = "<group>";
		};
		047CA54C20BD5156007FFEBB /* LaunchScreen.storyboard */ = {
			isa = PBXVariantGroup;
			children = (
				047CA54D20BD5156007FFEBB /* Base */,
			);
			name = LaunchScreen.storyboard;
			sourceTree = "<group>";
		};
/* End PBXVariantGroup section */

/* Begin XCBuildConfiguration section */
		047CA55020BD5156007FFEBB /* Debug */ = {
			isa = XCBuildConfiguration;
			buildSettings = {
				ALWAYS_SEARCH_USER_PATHS = NO;
				CLANG_ANALYZER_NONNULL = YES;
				CLANG_ANALYZER_NUMBER_OBJECT_CONVERSION = YES_AGGRESSIVE;
				CLANG_CXX_LANGUAGE_STANDARD = "gnu++14";
				CLANG_CXX_LIBRARY = "libc++";
				CLANG_ENABLE_MODULES = YES;
				CLANG_ENABLE_OBJC_ARC = YES;
				CLANG_ENABLE_OBJC_WEAK = YES;
				CLANG_WARN_BLOCK_CAPTURE_AUTORELEASING = YES;
				CLANG_WARN_BOOL_CONVERSION = YES;
				CLANG_WARN_COMMA = YES;
				CLANG_WARN_CONSTANT_CONVERSION = YES;
				CLANG_WARN_DEPRECATED_OBJC_IMPLEMENTATIONS = YES;
				CLANG_WARN_DIRECT_OBJC_ISA_USAGE = YES_ERROR;
				CLANG_WARN_DOCUMENTATION_COMMENTS = YES;
				CLANG_WARN_EMPTY_BODY = YES;
				CLANG_WARN_ENUM_CONVERSION = YES;
				CLANG_WARN_INFINITE_RECURSION = YES;
				CLANG_WARN_INT_CONVERSION = YES;
				CLANG_WARN_NON_LITERAL_NULL_CONVERSION = YES;
				CLANG_WARN_OBJC_IMPLICIT_RETAIN_SELF = YES;
				CLANG_WARN_OBJC_LITERAL_CONVERSION = YES;
				CLANG_WARN_OBJC_ROOT_CLASS = YES_ERROR;
				CLANG_WARN_RANGE_LOOP_ANALYSIS = YES;
				CLANG_WARN_STRICT_PROTOTYPES = YES;
				CLANG_WARN_SUSPICIOUS_MOVE = YES;
				CLANG_WARN_UNGUARDED_AVAILABILITY = YES_AGGRESSIVE;
				CLANG_WARN_UNREACHABLE_CODE = YES;
				CLANG_WARN__DUPLICATE_METHOD_MATCH = YES;
				CODE_SIGN_IDENTITY = "iPhone Developer";
				COPY_PHASE_STRIP = NO;
				DEBUG_INFORMATION_FORMAT = dwarf;
				ENABLE_STRICT_OBJC_MSGSEND = YES;
				ENABLE_TESTABILITY = YES;
				GCC_C_LANGUAGE_STANDARD = gnu11;
				GCC_DYNAMIC_NO_PIC = NO;
				GCC_NO_COMMON_BLOCKS = YES;
				GCC_OPTIMIZATION_LEVEL = 0;
				GCC_PREPROCESSOR_DEFINITIONS = (
					"DEBUG=1",
					"$(inherited)",
				);
				GCC_WARN_64_TO_32_BIT_CONVERSION = YES;
				GCC_WARN_ABOUT_RETURN_TYPE = YES_ERROR;
				GCC_WARN_UNDECLARED_SELECTOR = YES;
				GCC_WARN_UNINITIALIZED_AUTOS = YES_AGGRESSIVE;
				GCC_WARN_UNUSED_FUNCTION = YES;
				GCC_WARN_UNUSED_VARIABLE = YES;
				IPHONEOS_DEPLOYMENT_TARGET = 11.3;
				MTL_ENABLE_DEBUG_INFO = YES;
				ONLY_ACTIVE_ARCH = YES;
				SDKROOT = iphoneos;
				SWIFT_ACTIVE_COMPILATION_CONDITIONS = DEBUG;
				SWIFT_OPTIMIZATION_LEVEL = "-Onone";
			};
			name = Debug;
		};
		047CA55120BD5156007FFEBB /* Release */ = {
			isa = XCBuildConfiguration;
			buildSettings = {
				ALWAYS_SEARCH_USER_PATHS = NO;
				CLANG_ANALYZER_NONNULL = YES;
				CLANG_ANALYZER_NUMBER_OBJECT_CONVERSION = YES_AGGRESSIVE;
				CLANG_CXX_LANGUAGE_STANDARD = "gnu++14";
				CLANG_CXX_LIBRARY = "libc++";
				CLANG_ENABLE_MODULES = YES;
				CLANG_ENABLE_OBJC_ARC = YES;
				CLANG_ENABLE_OBJC_WEAK = YES;
				CLANG_WARN_BLOCK_CAPTURE_AUTORELEASING = YES;
				CLANG_WARN_BOOL_CONVERSION = YES;
				CLANG_WARN_COMMA = YES;
				CLANG_WARN_CONSTANT_CONVERSION = YES;
				CLANG_WARN_DEPRECATED_OBJC_IMPLEMENTATIONS = YES;
				CLANG_WARN_DIRECT_OBJC_ISA_USAGE = YES_ERROR;
				CLANG_WARN_DOCUMENTATION_COMMENTS = YES;
				CLANG_WARN_EMPTY_BODY = YES;
				CLANG_WARN_ENUM_CONVERSION = YES;
				CLANG_WARN_INFINITE_RECURSION = YES;
				CLANG_WARN_INT_CONVERSION = YES;
				CLANG_WARN_NON_LITERAL_NULL_CONVERSION = YES;
				CLANG_WARN_OBJC_IMPLICIT_RETAIN_SELF = YES;
				CLANG_WARN_OBJC_LITERAL_CONVERSION = YES;
				CLANG_WARN_OBJC_ROOT_CLASS = YES_ERROR;
				CLANG_WARN_RANGE_LOOP_ANALYSIS = YES;
				CLANG_WARN_STRICT_PROTOTYPES = YES;
				CLANG_WARN_SUSPICIOUS_MOVE = YES;
				CLANG_WARN_UNGUARDED_AVAILABILITY = YES_AGGRESSIVE;
				CLANG_WARN_UNREACHABLE_CODE = YES;
				CLANG_WARN__DUPLICATE_METHOD_MATCH = YES;
				CODE_SIGN_IDENTITY = "iPhone Developer";
				COPY_PHASE_STRIP = NO;
				DEBUG_INFORMATION_FORMAT = "dwarf-with-dsym";
				ENABLE_NS_ASSERTIONS = NO;
				ENABLE_STRICT_OBJC_MSGSEND = YES;
				GCC_C_LANGUAGE_STANDARD = gnu11;
				GCC_NO_COMMON_BLOCKS = YES;
				GCC_WARN_64_TO_32_BIT_CONVERSION = YES;
				GCC_WARN_ABOUT_RETURN_TYPE = YES_ERROR;
				GCC_WARN_UNDECLARED_SELECTOR = YES;
				GCC_WARN_UNINITIALIZED_AUTOS = YES_AGGRESSIVE;
				GCC_WARN_UNUSED_FUNCTION = YES;
				GCC_WARN_UNUSED_VARIABLE = YES;
				IPHONEOS_DEPLOYMENT_TARGET = 11.3;
				MTL_ENABLE_DEBUG_INFO = NO;
				SDKROOT = iphoneos;
				SWIFT_COMPILATION_MODE = wholemodule;
				SWIFT_OPTIMIZATION_LEVEL = "-O";
				VALIDATE_PRODUCT = YES;
			};
			name = Release;
		};
		047CA55320BD5156007FFEBB /* Debug */ = {
			isa = XCBuildConfiguration;
			buildSettings = {
				ASSETCATALOG_COMPILER_APPICON_NAME = AppIcon;
				CODE_SIGN_STYLE = Automatic;
				DEVELOPMENT_TEAM = 3GRS39V655;
				INFOPLIST_FILE = "Lecteur youtub/Info.plist";
				LD_RUNPATH_SEARCH_PATHS = (
					"$(inherited)",
					"@executable_path/Frameworks",
				);
				PRODUCT_BUNDLE_IDENTIFIER = "sn.spader.Lecteur-youtub";
				PRODUCT_NAME = "$(TARGET_NAME)";
				SWIFT_VERSION = 4.0;
				TARGETED_DEVICE_FAMILY = "1,2";
			};
			name = Debug;
		};
		047CA55420BD5156007FFEBB /* Release */ = {
			isa = XCBuildConfiguration;
			buildSettings = {
				ASSETCATALOG_COMPILER_APPICON_NAME = AppIcon;
				CODE_SIGN_STYLE = Automatic;
				DEVELOPMENT_TEAM = 3GRS39V655;
				INFOPLIST_FILE = "Lecteur youtub/Info.plist";
				LD_RUNPATH_SEARCH_PATHS = (
					"$(inherited)",
					"@executable_path/Frameworks",
				);
				PRODUCT_BUNDLE_IDENTIFIER = "sn.spader.Lecteur-youtub";
				PRODUCT_NAME = "$(TARGET_NAME)";
				SWIFT_VERSION = 4.0;
				TARGETED_DEVICE_FAMILY = "1,2";
			};
			name = Release;
		};
/* End XCBuildConfiguration section */

/* Begin XCConfigurationList section */
		047CA53B20BD5155007FFEBB /* Build configuration list for PBXProject "Lecteur youtub" */ = {
			isa = XCConfigurationList;
			buildConfigurations = (
				047CA55020BD5156007FFEBB /* Debug */,
				047CA55120BD5156007FFEBB /* Release */,
			);
			defaultConfigurationIsVisible = 0;
			defaultConfigurationName = Release;
		};
		047CA55220BD5156007FFEBB /* Build configuration list for PBXNativeTarget "Lecteur youtub" */ = {
			isa = XCConfigurationList;
			buildConfigurations = (
				047CA55320BD5156007FFEBB /* Debug */,
				047CA55420BD5156007FFEBB /* Release */,
			);
			defaultConfigurationIsVisible = 0;
			defaultConfigurationName = Release;
		};
/* End XCConfigurationList section */
	};
	rootObject = 047CA53820BD5155007FFEBB /* Project object */;
}
